{
  "version": 4,
  "terraform_version": "1.4.6",
  "serial": 13,
  "lineage": "552c30a9-0038-0f30-3c28-0ecb104abffd",
  "outputs": {},
  "resources": [
    {
      "mode": "data",
      "type": "aws_ami",
      "name": "mi_imagen",
      "provider": "provider[\"registry.terraform.io/hashicorp/aws\"]",
      "instances": [
        {
          "schema_version": 0,
          "attributes": {
            "architecture": "x86_64",
            "arn": "arn:aws:ec2:eu-west-1::image/ami-093455180bd7d9daa",
            "block_device_mappings": [
              {
                "device_name": "/dev/sda1",
                "ebs": {
                  "delete_on_termination": "true",
                  "encrypted": "false",
                  "iops": "0",
                  "snapshot_id": "snap-03dfc24f8483325f7",
                  "throughput": "0",
                  "volume_size": "8",
                  "volume_type": "gp2"
                },
                "no_device": "",
                "virtual_name": ""
              },
              {
                "device_name": "/dev/sdb",
                "ebs": {},
                "no_device": "",
                "virtual_name": "ephemeral0"
              },
              {
                "device_name": "/dev/sdc",
                "ebs": {},
                "no_device": "",
                "virtual_name": "ephemeral1"
              }
            ],
            "boot_mode": "legacy-bios",
            "creation_date": "2023-04-28T02:59:51.000Z",
            "deprecation_time": "2025-04-28T02:59:51.000Z",
            "description": "Canonical, Ubuntu, 22.04 LTS, amd64 jammy image build on 2023-04-28",
            "ena_support": true,
            "executable_users": null,
            "filter": [
              {
                "name": "name",
                "values": [
                  "ubuntu/images/hvm-ssd/ubuntu-jammy-22.04-amd64-server-*"
                ]
              },
              {
                "name": "root-device-type",
                "values": [
                  "ebs"
                ]
              },
              {
                "name": "virtualization-type",
                "values": [
                  "hvm"
                ]
              }
            ],
            "hypervisor": "xen",
            "id": "ami-093455180bd7d9daa",
            "image_id": "ami-093455180bd7d9daa",
            "image_location": "amazon/ubuntu/images/hvm-ssd/ubuntu-jammy-22.04-amd64-server-20230428",
            "image_owner_alias": "amazon",
            "image_type": "machine",
            "imds_support": "",
            "include_deprecated": false,
            "kernel_id": "",
            "most_recent": true,
            "name": "ubuntu/images/hvm-ssd/ubuntu-jammy-22.04-amd64-server-20230428",
            "name_regex": null,
            "owner_id": "099720109477",
            "owners": [
              "099720109477"
            ],
            "platform": "",
            "platform_details": "Linux/UNIX",
            "product_codes": [],
            "public": true,
            "ramdisk_id": "",
            "root_device_name": "/dev/sda1",
            "root_device_type": "ebs",
            "root_snapshot_id": "snap-03dfc24f8483325f7",
            "sriov_net_support": "simple",
            "state": "available",
            "state_reason": {
              "code": "UNSET",
              "message": "UNSET"
            },
            "tags": {},
            "timeouts": null,
            "tpm_support": "",
            "usage_operation": "RunInstances",
            "virtualization_type": "hvm"
          },
          "sensitive_attributes": []
        }
      ]
    },
    {
      "mode": "managed",
      "type": "aws_instance",
      "name": "mi_maquina",
      "provider": "provider[\"registry.terraform.io/hashicorp/aws\"]",
      "instances": [
        {
          "schema_version": 1,
          "attributes": {
            "ami": "ami-093455180bd7d9daa",
            "arn": "arn:aws:ec2:eu-west-1:639988086142:instance/i-04e598fb611104841",
            "associate_public_ip_address": true,
            "availability_zone": "eu-west-1b",
            "capacity_reservation_specification": [
              {
                "capacity_reservation_preference": "open",
                "capacity_reservation_target": []
              }
            ],
            "cpu_core_count": 1,
            "cpu_options": [
              {
                "amd_sev_snp": "",
                "core_count": 1,
                "threads_per_core": 1
              }
            ],
            "cpu_threads_per_core": 1,
            "credit_specification": [
              {
                "cpu_credits": "standard"
              }
            ],
            "disable_api_stop": false,
            "disable_api_termination": false,
            "ebs_block_device": [],
            "ebs_optimized": false,
            "enclave_options": [
              {
                "enabled": false
              }
            ],
            "ephemeral_block_device": [],
            "get_password_data": false,
            "hibernation": false,
            "host_id": "",
            "host_resource_group_arn": null,
            "iam_instance_profile": "",
            "id": "i-04e598fb611104841",
            "instance_initiated_shutdown_behavior": "stop",
            "instance_state": "running",
            "instance_type": "t2.micro",
            "ipv6_address_count": 0,
            "ipv6_addresses": [],
            "key_name": "las_claves_de_ivan",
            "launch_template": [],
            "maintenance_options": [
              {
                "auto_recovery": "default"
              }
            ],
            "metadata_options": [
              {
                "http_endpoint": "enabled",
                "http_put_response_hop_limit": 1,
                "http_tokens": "optional",
                "instance_metadata_tags": "disabled"
              }
            ],
            "monitoring": false,
            "network_interface": [],
            "outpost_arn": "",
            "password_data": "",
            "placement_group": "",
            "placement_partition_number": 0,
            "primary_network_interface_id": "eni-0a33a71c3259700f3",
            "private_dns": "ip-172-31-26-103.eu-west-1.compute.internal",
            "private_dns_name_options": [
              {
                "enable_resource_name_dns_a_record": false,
                "enable_resource_name_dns_aaaa_record": false,
                "hostname_type": "ip-name"
              }
            ],
            "private_ip": "172.31.26.103",
            "public_dns": "ec2-3-252-91-90.eu-west-1.compute.amazonaws.com",
            "public_ip": "3.252.91.90",
            "root_block_device": [
              {
                "delete_on_termination": true,
                "device_name": "/dev/sda1",
                "encrypted": false,
                "iops": 100,
                "kms_key_id": "",
                "tags": {},
                "throughput": 0,
                "volume_id": "vol-04e87ef6cb588c5c4",
                "volume_size": 8,
                "volume_type": "gp2"
              }
            ],
            "secondary_private_ips": [],
            "security_groups": [
              "regla_permitir_ssh_ivan"
            ],
            "source_dest_check": true,
            "subnet_id": "subnet-2bf1fa63",
            "tags": {
              "Name": "LaMaquina-ivan"
            },
            "tags_all": {
              "Name": "LaMaquina-ivan"
            },
            "tenancy": "default",
            "timeouts": null,
            "user_data": null,
            "user_data_base64": null,
            "user_data_replace_on_change": false,
            "volume_tags": null,
            "vpc_security_group_ids": [
              "sg-0d48d8c7d84b2d433"
            ]
          },
          "sensitive_attributes": [],
          "private": "eyJlMmJmYjczMC1lY2FhLTExZTYtOGY4OC0zNDM2M2JjN2M0YzAiOnsiY3JlYXRlIjo2MDAwMDAwMDAwMDAsImRlbGV0ZSI6MTIwMDAwMDAwMDAwMCwidXBkYXRlIjo2MDAwMDAwMDAwMDB9LCJzY2hlbWFfdmVyc2lvbiI6IjEifQ==",
          "dependencies": [
            "aws_key_pair.mis_claves",
            "aws_security_group.permitir_ssh",
            "data.aws_ami.mi_imagen",
            "module.mis_claves.tls_private_key.claves"
          ]
        }
      ]
    },
    {
      "mode": "managed",
      "type": "aws_key_pair",
      "name": "mis_claves",
      "provider": "provider[\"registry.terraform.io/hashicorp/aws\"]",
      "instances": [
        {
          "schema_version": 1,
          "attributes": {
            "arn": "arn:aws:ec2:eu-west-1:639988086142:key-pair/las_claves_de_ivan",
            "fingerprint": "1f:92:60:72:b9:bc:63:3f:c8:4a:c8:7f:2a:dd:b6:23",
            "id": "las_claves_de_ivan",
            "key_name": "las_claves_de_ivan",
            "key_name_prefix": "",
            "key_pair_id": "key-0ba772ea543566705",
            "key_type": "rsa",
            "public_key": "ssh-rsa AAAAB3NzaC1yc2EAAAADAQABAAABAQCoMmyGSbDwgOsqKYWt6kWTiAZ7UNvgoDjEldO099gwzzTSuYSW8AqFrD0m9MoMiYeTPveEsaYLIEfzaij7rvqfsXOlWg6Dxkec1v3azuDReDAXTXJUxa0IyxvV0/6DgNo7PVDHRtE5eWXQQN92b3HAyc4ABvRgRUeGB+1oSV9cFrOG9sAZU6V6fZpAYIvVYkW8ceI+3eNNcvJv+XTDVxK7Jt5Oa/QekjdEMuZD57ZwA143r2J6nqklDXkTB6rei84ptrmayVLJzqrRDWYM+MkHdlVbi5ah9zM9JWJLPz4wlywl8xXxqgNQ1RWg7aNKzIzRpl0wsQmsQWQyi9lryL9l",
            "tags": null,
            "tags_all": {}
          },
          "sensitive_attributes": [
            [
              {
                "type": "get_attr",
                "value": "public_key"
              }
            ]
          ],
          "private": "eyJzY2hlbWFfdmVyc2lvbiI6IjEifQ==",
          "dependencies": [
            "module.mis_claves.tls_private_key.claves"
          ]
        }
      ]
    },
    {
      "mode": "managed",
      "type": "aws_security_group",
      "name": "permitir_ssh",
      "provider": "provider[\"registry.terraform.io/hashicorp/aws\"]",
      "instances": [
        {
          "schema_version": 1,
          "attributes": {
            "arn": "arn:aws:ec2:eu-west-1:639988086142:security-group/sg-0d48d8c7d84b2d433",
            "description": "Managed by Terraform",
            "egress": [
              {
                "cidr_blocks": [
                  "0.0.0.0/0"
                ],
                "description": "",
                "from_port": 0,
                "ipv6_cidr_blocks": [
                  "::/0"
                ],
                "prefix_list_ids": [],
                "protocol": "-1",
                "security_groups": [],
                "self": false,
                "to_port": 0
              }
            ],
            "id": "sg-0d48d8c7d84b2d433",
            "ingress": [
              {
                "cidr_blocks": [
                  "0.0.0.0/0"
                ],
                "description": "",
                "from_port": 22,
                "ipv6_cidr_blocks": [],
                "prefix_list_ids": [],
                "protocol": "tcp",
                "security_groups": [],
                "self": false,
                "to_port": 22
              }
            ],
            "name": "regla_permitir_ssh_ivan",
            "name_prefix": "",
            "owner_id": "639988086142",
            "revoke_rules_on_delete": false,
            "tags": {
              "Name": "regla_permitir_ssh_ivan"
            },
            "tags_all": {
              "Name": "regla_permitir_ssh_ivan"
            },
            "timeouts": null,
            "vpc_id": "vpc-e5ef219c"
          },
          "sensitive_attributes": [],
          "private": "eyJlMmJmYjczMC1lY2FhLTExZTYtOGY4OC0zNDM2M2JjN2M0YzAiOnsiY3JlYXRlIjo2MDAwMDAwMDAwMDAsImRlbGV0ZSI6OTAwMDAwMDAwMDAwfSwic2NoZW1hX3ZlcnNpb24iOiIxIn0="
        }
      ]
    },
    {
      "module": "module.mis_claves",
      "mode": "managed",
      "type": "tls_private_key",
      "name": "claves",
      "provider": "provider[\"registry.terraform.io/hashicorp/tls\"]",
      "instances": [
        {
          "index_key": 0,
          "schema_version": 1,
          "attributes": {
            "algorithm": "RSA",
            "ecdsa_curve": "P224",
            "id": "eed8d45530d5415c90deffd67d954a3ca05f90d1",
            "private_key_openssh": "-----BEGIN OPENSSH PRIVATE KEY-----\nb3BlbnNzaC1rZXktdjEAAAAABG5vbmUAAAAEbm9uZQAAAAAAAAABAAABFwAAAAdz\nc2gtcnNhAAAAAwEAAQAAAQEAqDJshkmw8IDrKimFrepFk4gGe1Db4KA4xJXTtPfY\nMM800rmElvAKhaw9JvTKDImHkz73hLGmCyBH82oo+676n7FzpVoOg8ZHnNb92s7g\n0XgwF01yVMWtCMsb1dP+g4DaOz1Qx0bROXll0EDfdm9xwMnOAAb0YEVHhgftaElf\nXBazhvbAGVOlen2aQGCL1WJFvHHiPt3jTXLyb/l0w1cSuybeTmv0HpI3RDLmQ+e2\ncANeN69iep6pJQ15Eweq3ovOKba5mslSyc6q0Q1mDPjJB3ZVW4uWofczPSViSz8+\nMJcsJfMV8aoDUNUVoO2jSsyM0aZdMLEJrEFkMovZa8i/ZQAAA7h9mrYhfZq2IQAA\nAAdzc2gtcnNhAAABAQCoMmyGSbDwgOsqKYWt6kWTiAZ7UNvgoDjEldO099gwzzTS\nuYSW8AqFrD0m9MoMiYeTPveEsaYLIEfzaij7rvqfsXOlWg6Dxkec1v3azuDReDAX\nTXJUxa0IyxvV0/6DgNo7PVDHRtE5eWXQQN92b3HAyc4ABvRgRUeGB+1oSV9cFrOG\n9sAZU6V6fZpAYIvVYkW8ceI+3eNNcvJv+XTDVxK7Jt5Oa/QekjdEMuZD57ZwA143\nr2J6nqklDXkTB6rei84ptrmayVLJzqrRDWYM+MkHdlVbi5ah9zM9JWJLPz4wlywl\n8xXxqgNQ1RWg7aNKzIzRpl0wsQmsQWQyi9lryL9lAAAAAwEAAQAAAQA/oJOdWVMu\nKBbOJFcFq5IWdWa+T6BeIT5YX7VuyDNog3ogHT4jOzs/xiB8FC46/+vhr/hColGF\n8/hEBOzsCQ2WS7LL4n2LK/77PflaRNiXZTgMGKgfmYgTw4IMKd4mMSBdOJzORePw\nMhRp66CdVRtbKvxa1kasBIlCEs2knd0NIIwg9NATFPw7r23KeE1m5qkLbkyOj0wh\n+fWWKVHqZSLtf0icdMZ8M3Xm0tY3OmtS2oZKiVvHlkAyLOCb2RSX6FkJ2hKT7X7q\nGE2KVirJ01vhJSMPGtcSksPIGJQc9+Q1D1oN6kBz4c3s8aZtavaQvyTZS67EsQwi\neXm33/85mqkhAAAAgQCmGjBc6OClbEKdn7TbmWsrvU7ky2nhcSCBSTo+QxT+lhrF\nSTRVkk5cMjTzo8e8lhBwgg5drueYw9/wx4Vw9BT52K7n1G2u6C24teVKgOrrLMwS\nfzXUfP8Bm6MM0IghKwKtRV3qZaOV1PzKl3Ri1bH8EAm1VUA905OYF5au0YQNGQAA\nAIEAxLTUK92Yx8WCcoQVar/I3mdT13RKNTj8QIclWouv5grK4thpiCN158vr3B2e\nFFZPpzYTqA+G8uSq1w6GOIDxqlxPGsF6TNJyDpyHy1QEI94O/RQA7+yijTvX6SL2\nEIdJ9uT7Iuizs5N5owOKSRbKGZIA+xINMxq0aMmxgJ7Z4KcAAACBANrlnuRyMtGj\nraeCZ8uYE6m6JyELjIxHyFDDFpm5hX+ZdEnREdbINFPTDidfCEO1WzsLB3cqjixK\n/T63VT9N2w813vE6not2wBK4KN23kgknFIdniEY/7T25oxf0M7A2W6xm10Dz9ON0\nVjVplDb5Yc3IG5f5zI4V6Yqi/aEl4bUTAAAAAAEC\n-----END OPENSSH PRIVATE KEY-----\n",
            "private_key_pem": "-----BEGIN RSA PRIVATE KEY-----\nMIIEpAIBAAKCAQEAqDJshkmw8IDrKimFrepFk4gGe1Db4KA4xJXTtPfYMM800rmE\nlvAKhaw9JvTKDImHkz73hLGmCyBH82oo+676n7FzpVoOg8ZHnNb92s7g0XgwF01y\nVMWtCMsb1dP+g4DaOz1Qx0bROXll0EDfdm9xwMnOAAb0YEVHhgftaElfXBazhvbA\nGVOlen2aQGCL1WJFvHHiPt3jTXLyb/l0w1cSuybeTmv0HpI3RDLmQ+e2cANeN69i\nep6pJQ15Eweq3ovOKba5mslSyc6q0Q1mDPjJB3ZVW4uWofczPSViSz8+MJcsJfMV\n8aoDUNUVoO2jSsyM0aZdMLEJrEFkMovZa8i/ZQIDAQABAoIBAD+gk51ZUy4oFs4k\nVwWrkhZ1Zr5PoF4hPlhftW7IM2iDeiAdPiM7Oz/GIHwULjr/6+Gv+EKiUYXz+EQE\n7OwJDZZLssvifYsr/vs9+VpE2JdlOAwYqB+ZiBPDggwp3iYxIF04nM5F4/AyFGnr\noJ1VG1sq/FrWRqwEiUISzaSd3Q0gjCD00BMU/Duvbcp4TWbmqQtuTI6PTCH59ZYp\nUeplIu1/SJx0xnwzdebS1jc6a1LahkqJW8eWQDIs4JvZFJfoWQnaEpPtfuoYTYpW\nKsnTW+ElIw8a1xKSw8gYlBz35DUPWg3qQHPhzezxpm1q9pC/JNlLrsSxDCJ5ebff\n/zmaqSECgYEAxLTUK92Yx8WCcoQVar/I3mdT13RKNTj8QIclWouv5grK4thpiCN1\n58vr3B2eFFZPpzYTqA+G8uSq1w6GOIDxqlxPGsF6TNJyDpyHy1QEI94O/RQA7+yi\njTvX6SL2EIdJ9uT7Iuizs5N5owOKSRbKGZIA+xINMxq0aMmxgJ7Z4KcCgYEA2uWe\n5HIy0aOtp4Jny5gTqbonIQuMjEfIUMMWmbmFf5l0SdER1sg0U9MOJ18IQ7VbOwsH\ndyqOLEr9PrdVP03bDzXe8Tqei3bAErgo3beSCScUh2eIRj/tPbmjF/QzsDZbrGbX\nQPP043RWNWmUNvlhzcgbl/nMjhXpiqL9oSXhtRMCgYBjeWbKgBeg/vrG2pDSGQaF\nog8+J6rXW2gFYdK8BWQAm3iaWwKTPAuGGxO9jqTAeB1z29744FFIR+c1Nj0eGecc\nVe4TA8DLVKklRndNlcE6OjOuPA11R1+0uIypc2qoVSJMXuO5daBasbuTeljWOVYe\ntD0Wurw+GcUeMNE40BwyhQKBgQDCD3H3S3rcOkS4zbahW3iLLzqDZE69CuJ/HwWJ\nUV0WC4B59Lzg8mrZqbHRm8Gi7UQtKxD6R6L1h6HOGRCdZ7N+X57/s51dPPD5Z4Tr\nU1RHgvsDM/kvdnsoDsyVbuzoGrjZNe89aUpA4CGRhsFcn2hi3DYCXPZJPQnn26oJ\nVKEuOwKBgQCmGjBc6OClbEKdn7TbmWsrvU7ky2nhcSCBSTo+QxT+lhrFSTRVkk5c\nMjTzo8e8lhBwgg5drueYw9/wx4Vw9BT52K7n1G2u6C24teVKgOrrLMwSfzXUfP8B\nm6MM0IghKwKtRV3qZaOV1PzKl3Ri1bH8EAm1VUA905OYF5au0YQNGQ==\n-----END RSA PRIVATE KEY-----\n",
            "private_key_pem_pkcs8": "-----BEGIN PRIVATE KEY-----\nMIIEvgIBADANBgkqhkiG9w0BAQEFAASCBKgwggSkAgEAAoIBAQCoMmyGSbDwgOsq\nKYWt6kWTiAZ7UNvgoDjEldO099gwzzTSuYSW8AqFrD0m9MoMiYeTPveEsaYLIEfz\naij7rvqfsXOlWg6Dxkec1v3azuDReDAXTXJUxa0IyxvV0/6DgNo7PVDHRtE5eWXQ\nQN92b3HAyc4ABvRgRUeGB+1oSV9cFrOG9sAZU6V6fZpAYIvVYkW8ceI+3eNNcvJv\n+XTDVxK7Jt5Oa/QekjdEMuZD57ZwA143r2J6nqklDXkTB6rei84ptrmayVLJzqrR\nDWYM+MkHdlVbi5ah9zM9JWJLPz4wlywl8xXxqgNQ1RWg7aNKzIzRpl0wsQmsQWQy\ni9lryL9lAgMBAAECggEAP6CTnVlTLigWziRXBauSFnVmvk+gXiE+WF+1bsgzaIN6\nIB0+Izs7P8YgfBQuOv/r4a/4QqJRhfP4RATs7AkNlkuyy+J9iyv++z35WkTYl2U4\nDBioH5mIE8OCDCneJjEgXTiczkXj8DIUaeugnVUbWyr8WtZGrASJQhLNpJ3dDSCM\nIPTQExT8O69tynhNZuapC25Mjo9MIfn1lilR6mUi7X9InHTGfDN15tLWNzprUtqG\nSolbx5ZAMizgm9kUl+hZCdoSk+1+6hhNilYqydNb4SUjDxrXEpLDyBiUHPfkNQ9a\nDepAc+HN7PGmbWr2kL8k2UuuxLEMInl5t9//OZqpIQKBgQDEtNQr3ZjHxYJyhBVq\nv8jeZ1PXdEo1OPxAhyVai6/mCsri2GmII3Xny+vcHZ4UVk+nNhOoD4by5KrXDoY4\ngPGqXE8awXpM0nIOnIfLVAQj3g79FADv7KKNO9fpIvYQh0n25Psi6LOzk3mjA4pJ\nFsoZkgD7Eg0zGrRoybGAntngpwKBgQDa5Z7kcjLRo62ngmfLmBOpuichC4yMR8hQ\nwxaZuYV/mXRJ0RHWyDRT0w4nXwhDtVs7Cwd3Ko4sSv0+t1U/TdsPNd7xOp6LdsAS\nuCjdt5IJJxSHZ4hGP+09uaMX9DOwNlusZtdA8/TjdFY1aZQ2+WHNyBuX+cyOFemK\nov2hJeG1EwKBgGN5ZsqAF6D++sbakNIZBoWiDz4nqtdbaAVh0rwFZACbeJpbApM8\nC4YbE72OpMB4HXPb3vjgUUhH5zU2PR4Z5xxV7hMDwMtUqSVGd02VwTo6M648DXVH\nX7S4jKlzaqhVIkxe47l1oFqxu5N6WNY5Vh60PRa6vD4ZxR4w0TjQHDKFAoGBAMIP\ncfdLetw6RLjNtqFbeIsvOoNkTr0K4n8fBYlRXRYLgHn0vODyatmpsdGbwaLtRC0r\nEPpHovWHoc4ZEJ1ns35fnv+znV088PlnhOtTVEeC+wMz+S92eygOzJVu7OgauNk1\n7z1pSkDgIZGGwVyfaGLcNgJc9kk9CefbqglUoS47AoGBAKYaMFzo4KVsQp2ftNuZ\nayu9TuTLaeFxIIFJOj5DFP6WGsVJNFWSTlwyNPOjx7yWEHCCDl2u55jD3/DHhXD0\nFPnYrufUba7oLbi15UqA6usszBJ/NdR8/wGbowzQiCErAq1FXeplo5XU/MqXdGLV\nsfwQCbVVQD3Tk5gXlq7RhA0Z\n-----END PRIVATE KEY-----\n",
            "public_key_fingerprint_md5": "65:a9:5f:a6:b9:d0:b1:39:11:02:63:0c:06:bf:42:8c",
            "public_key_fingerprint_sha256": "SHA256:dY1FHZMlWq5Nsscdy0ThrXZNd8+V9HAfXxz8NVR+hIg",
            "public_key_openssh": "ssh-rsa AAAAB3NzaC1yc2EAAAADAQABAAABAQCoMmyGSbDwgOsqKYWt6kWTiAZ7UNvgoDjEldO099gwzzTSuYSW8AqFrD0m9MoMiYeTPveEsaYLIEfzaij7rvqfsXOlWg6Dxkec1v3azuDReDAXTXJUxa0IyxvV0/6DgNo7PVDHRtE5eWXQQN92b3HAyc4ABvRgRUeGB+1oSV9cFrOG9sAZU6V6fZpAYIvVYkW8ceI+3eNNcvJv+XTDVxK7Jt5Oa/QekjdEMuZD57ZwA143r2J6nqklDXkTB6rei84ptrmayVLJzqrRDWYM+MkHdlVbi5ah9zM9JWJLPz4wlywl8xXxqgNQ1RWg7aNKzIzRpl0wsQmsQWQyi9lryL9l\n",
            "public_key_pem": "-----BEGIN PUBLIC KEY-----\nMIIBIjANBgkqhkiG9w0BAQEFAAOCAQ8AMIIBCgKCAQEAqDJshkmw8IDrKimFrepF\nk4gGe1Db4KA4xJXTtPfYMM800rmElvAKhaw9JvTKDImHkz73hLGmCyBH82oo+676\nn7FzpVoOg8ZHnNb92s7g0XgwF01yVMWtCMsb1dP+g4DaOz1Qx0bROXll0EDfdm9x\nwMnOAAb0YEVHhgftaElfXBazhvbAGVOlen2aQGCL1WJFvHHiPt3jTXLyb/l0w1cS\nuybeTmv0HpI3RDLmQ+e2cANeN69iep6pJQ15Eweq3ovOKba5mslSyc6q0Q1mDPjJ\nB3ZVW4uWofczPSViSz8+MJcsJfMV8aoDUNUVoO2jSsyM0aZdMLEJrEFkMovZa8i/\nZQIDAQAB\n-----END PUBLIC KEY-----\n",
            "rsa_bits": 2048
          },
          "sensitive_attributes": []
        }
      ]
    }
  ],
  "check_results": null
}
