{
  "version": 4,
  "terraform_version": "1.4.6",
  "serial": 6,
  "lineage": "48e7d35c-26cd-636c-8050-3f54c1986399",
  "outputs": {
    "claves": {
      "value": {
        "privada": {
          "openssh": "-----BEGIN OPENSSH PRIVATE KEY-----\nb3BlbnNzaC1rZXktdjEAAAAABG5vbmUAAAAEbm9uZQAAAAAAAAABAAAAaAAAABNl\nY2RzYS1zaGEyLW5pc3RwMjU2AAAACG5pc3RwMjU2AAAAQQSL1ZjbnwAlKWdnAS52\nPBKKYddvJ5acrtD+S6oDWYKhSqNo/tex0NZULzebtCEfKj6KErT6aKFGXp8hNCGo\nypE5AAAAmKokUquqJFKrAAAAE2VjZHNhLXNoYTItbmlzdHAyNTYAAAAIbmlzdHAy\nNTYAAABBBIvVmNufACUpZ2cBLnY8Eoph128nlpyu0P5LqgNZgqFKo2j+17HQ1lQv\nN5u0IR8qPooStPpooUZenyE0IajKkTkAAAAgKjz9Z0AH7bjDVDypbsYZpX72Tc0n\n8zq1MjmlixZy370AAAAA\n-----END OPENSSH PRIVATE KEY-----\n",
          "pem": "-----BEGIN EC PRIVATE KEY-----\nMHcCAQEEICo8/WdAB+24w1Q8qW7GGaV+9k3NJ/M6tTI5pYsWct+9oAoGCCqGSM49\nAwEHoUQDQgAEi9WY258AJSlnZwEudjwSimHXbyeWnK7Q/kuqA1mCoUqjaP7XsdDW\nVC83m7QhHyo+ihK0+mihRl6fITQhqMqROQ==\n-----END EC PRIVATE KEY-----\n"
        },
        "publica": {
          "openssh": "ecdsa-sha2-nistp256 AAAAE2VjZHNhLXNoYTItbmlzdHAyNTYAAAAIbmlzdHAyNTYAAABBBIvVmNufACUpZ2cBLnY8Eoph128nlpyu0P5LqgNZgqFKo2j+17HQ1lQvN5u0IR8qPooStPpooUZenyE0IajKkTk=\n",
          "pem": "-----BEGIN PUBLIC KEY-----\nMFkwEwYHKoZIzj0CAQYIKoZIzj0DAQcDQgAEi9WY258AJSlnZwEudjwSimHXbyeW\nnK7Q/kuqA1mCoUqjaP7XsdDWVC83m7QhHyo+ihK0+mihRl6fITQhqMqROQ==\n-----END PUBLIC KEY-----\n"
        }
      },
      "type": [
        "object",
        {
          "privada": [
            "object",
            {
              "openssh": "string",
              "pem": "string"
            }
          ],
          "publica": [
            "object",
            {
              "openssh": "string",
              "pem": "string"
            }
          ]
        }
      ],
      "sensitive": true
    }
  },
  "resources": [
    {
      "mode": "managed",
      "type": "tls_private_key",
      "name": "claves",
      "provider": "provider[\"registry.terraform.io/hashicorp/tls\"]",
      "instances": [
        {
          "index_key": 0,
          "schema_version": 1,
          "attributes": {
            "algorithm": "ECDSA",
            "ecdsa_curve": "P256",
            "id": "d6e9ab94aecebaeedcbeb9052a0fb39f4540068f",
            "private_key_openssh": "-----BEGIN OPENSSH PRIVATE KEY-----\nb3BlbnNzaC1rZXktdjEAAAAABG5vbmUAAAAEbm9uZQAAAAAAAAABAAAAaAAAABNl\nY2RzYS1zaGEyLW5pc3RwMjU2AAAACG5pc3RwMjU2AAAAQQSL1ZjbnwAlKWdnAS52\nPBKKYddvJ5acrtD+S6oDWYKhSqNo/tex0NZULzebtCEfKj6KErT6aKFGXp8hNCGo\nypE5AAAAmKokUquqJFKrAAAAE2VjZHNhLXNoYTItbmlzdHAyNTYAAAAIbmlzdHAy\nNTYAAABBBIvVmNufACUpZ2cBLnY8Eoph128nlpyu0P5LqgNZgqFKo2j+17HQ1lQv\nN5u0IR8qPooStPpooUZenyE0IajKkTkAAAAgKjz9Z0AH7bjDVDypbsYZpX72Tc0n\n8zq1MjmlixZy370AAAAA\n-----END OPENSSH PRIVATE KEY-----\n",
            "private_key_pem": "-----BEGIN EC PRIVATE KEY-----\nMHcCAQEEICo8/WdAB+24w1Q8qW7GGaV+9k3NJ/M6tTI5pYsWct+9oAoGCCqGSM49\nAwEHoUQDQgAEi9WY258AJSlnZwEudjwSimHXbyeWnK7Q/kuqA1mCoUqjaP7XsdDW\nVC83m7QhHyo+ihK0+mihRl6fITQhqMqROQ==\n-----END EC PRIVATE KEY-----\n",
            "private_key_pem_pkcs8": "-----BEGIN PRIVATE KEY-----\nMIGHAgEAMBMGByqGSM49AgEGCCqGSM49AwEHBG0wawIBAQQgKjz9Z0AH7bjDVDyp\nbsYZpX72Tc0n8zq1MjmlixZy372hRANCAASL1ZjbnwAlKWdnAS52PBKKYddvJ5ac\nrtD+S6oDWYKhSqNo/tex0NZULzebtCEfKj6KErT6aKFGXp8hNCGoypE5\n-----END PRIVATE KEY-----\n",
            "public_key_fingerprint_md5": "01:67:cc:43:59:79:92:14:02:62:14:72:64:b9:12:70",
            "public_key_fingerprint_sha256": "SHA256:HAXJw3NPbulv+xq95Dqjn3gsn7JNa5lfxgK0rEQRwqY",
            "public_key_openssh": "ecdsa-sha2-nistp256 AAAAE2VjZHNhLXNoYTItbmlzdHAyNTYAAAAIbmlzdHAyNTYAAABBBIvVmNufACUpZ2cBLnY8Eoph128nlpyu0P5LqgNZgqFKo2j+17HQ1lQvN5u0IR8qPooStPpooUZenyE0IajKkTk=\n",
            "public_key_pem": "-----BEGIN PUBLIC KEY-----\nMFkwEwYHKoZIzj0CAQYIKoZIzj0DAQcDQgAEi9WY258AJSlnZwEudjwSimHXbyeW\nnK7Q/kuqA1mCoUqjaP7XsdDWVC83m7QhHyo+ihK0+mihRl6fITQhqMqROQ==\n-----END PUBLIC KEY-----\n",
            "rsa_bits": 2048
          },
          "sensitive_attributes": []
        }
      ]
    }
  ],
  "check_results": null
}
